
Microsoft Visual Studio Solution File, Format Version 12.00
# Visual Studio Version 16
VisualStudioVersion = 16.0.29020.237
MinimumVisualStudioVersion = 10.0.40219.1
Project("{FAE04EC0-301F-11D3-BF4B-00C04F79EFBC}") = "SkySales.Web.Services", "SkySales.Web.Services\SkySales.Web.Services.csproj", "{77676CAC-FF39-411B-A5A8-8627D00369FC}"
EndProject
Project("{FAE04EC0-301F-11D3-BF4B-00C04F79EFBC}") = "SkySales.Business.Logic", "SkySales.Business.Logic\SkySales.Business.Logic.csproj", "{AD72C49D-156A-4C34-B2B1-BEEB7C68C215}"
EndProject
Project("{FAE04EC0-301F-11D3-BF4B-00C04F79EFBC}") = "SkySales.Common.Models", "SkySales.Common.Models\SkySales.Common.Models.csproj", "{F978808C-22C3-455B-AE92-5AD506540A5E}"
EndProject
Project("{FAE04EC0-301F-11D3-BF4B-00C04F79EFBC}") = "SkySales.Infrastructure.Repository", "SkySales.Infrastructure.Repository\SkySales.Infrastructure.Repository.csproj", "{86B13B9D-CE0C-4E2D-83A5-33DB247B9120}"
EndProject
Project("{FAE04EC0-301F-11D3-BF4B-00C04F79EFBC}") = "SkySalesUnitTests", "SkySalesUnitTests\SkySalesUnitTests.csproj", "{579925C1-AF62-4F11-AAA1-0B12DFDE81DD}"
EndProject
Project("{FAE04EC0-301F-11D3-BF4B-00C04F79EFBC}") = "SkySales.Presentation.Web", "SkySales.Presentation.Web\SkySales.Presentation.Web.csproj", "{D0652FC2-F33F-4131-A19D-A02918BC4B68}"
	ProjectSection(ProjectDependencies) = postProject
		{77676CAC-FF39-411B-A5A8-8627D00369FC} = {77676CAC-FF39-411B-A5A8-8627D00369FC}
	EndProjectSection
EndProject
Project("{FAE04EC0-301F-11D3-BF4B-00C04F79EFBC}") = "SkySales.Presentation.WinForm", "SkySales.Presentation.WinForm\SkySales.Presentation.WinForm.csproj", "{04D91D87-4133-43E9-BE7D-E6687759D4E7}"
	ProjectSection(ProjectDependencies) = postProject
		{77676CAC-FF39-411B-A5A8-8627D00369FC} = {77676CAC-FF39-411B-A5A8-8627D00369FC}
	EndProjectSection
EndProject
Project("{FAE04EC0-301F-11D3-BF4B-00C04F79EFBC}") = "SkysalesIntegrationTests", "SkysalesIntegrationTests\SkysalesIntegrationTests.csproj", "{86976B5C-C887-43B2-875D-E59FACEDE412}"
EndProject
Project("{FAE04EC0-301F-11D3-BF4B-00C04F79EFBC}") = "Integration.Tests.Utils", "Integration.Tests.Utils\Integration.Tests.Utils.csproj", "{0827442B-F741-486D-8016-25F64C70B774}"
EndProject
Global
	GlobalSection(SolutionConfigurationPlatforms) = preSolution
		Debug|Any CPU = Debug|Any CPU
		Release|Any CPU = Release|Any CPU
	EndGlobalSection
	GlobalSection(ProjectConfigurationPlatforms) = postSolution
		{77676CAC-FF39-411B-A5A8-8627D00369FC}.Debug|Any CPU.ActiveCfg = Debug|Any CPU
		{77676CAC-FF39-411B-A5A8-8627D00369FC}.Debug|Any CPU.Build.0 = Debug|Any CPU
		{77676CAC-FF39-411B-A5A8-8627D00369FC}.Release|Any CPU.ActiveCfg = Release|Any CPU
		{77676CAC-FF39-411B-A5A8-8627D00369FC}.Release|Any CPU.Build.0 = Release|Any CPU
		{AD72C49D-156A-4C34-B2B1-BEEB7C68C215}.Debug|Any CPU.ActiveCfg = Debug|Any CPU
		{AD72C49D-156A-4C34-B2B1-BEEB7C68C215}.Debug|Any CPU.Build.0 = Debug|Any CPU
		{AD72C49D-156A-4C34-B2B1-BEEB7C68C215}.Release|Any CPU.ActiveCfg = Release|Any CPU
		{AD72C49D-156A-4C34-B2B1-BEEB7C68C215}.Release|Any CPU.Build.0 = Release|Any CPU
		{F978808C-22C3-455B-AE92-5AD506540A5E}.Debug|Any CPU.ActiveCfg = Debug|Any CPU
		{F978808C-22C3-455B-AE92-5AD506540A5E}.Debug|Any CPU.Build.0 = Debug|Any CPU
		{F978808C-22C3-455B-AE92-5AD506540A5E}.Release|Any CPU.ActiveCfg = Release|Any CPU
		{F978808C-22C3-455B-AE92-5AD506540A5E}.Release|Any CPU.Build.0 = Release|Any CPU
		{86B13B9D-CE0C-4E2D-83A5-33DB247B9120}.Debug|Any CPU.ActiveCfg = Debug|Any CPU
		{86B13B9D-CE0C-4E2D-83A5-33DB247B9120}.Debug|Any CPU.Build.0 = Debug|Any CPU
		{86B13B9D-CE0C-4E2D-83A5-33DB247B9120}.Release|Any CPU.ActiveCfg = Release|Any CPU
		{86B13B9D-CE0C-4E2D-83A5-33DB247B9120}.Release|Any CPU.Build.0 = Release|Any CPU
		{579925C1-AF62-4F11-AAA1-0B12DFDE81DD}.Debug|Any CPU.ActiveCfg = Debug|Any CPU
		{579925C1-AF62-4F11-AAA1-0B12DFDE81DD}.Debug|Any CPU.Build.0 = Debug|Any CPU
		{579925C1-AF62-4F11-AAA1-0B12DFDE81DD}.Release|Any CPU.ActiveCfg = Release|Any CPU
		{579925C1-AF62-4F11-AAA1-0B12DFDE81DD}.Release|Any CPU.Build.0 = Release|Any CPU
		{D0652FC2-F33F-4131-A19D-A02918BC4B68}.Debug|Any CPU.ActiveCfg = Debug|Any CPU
		{D0652FC2-F33F-4131-A19D-A02918BC4B68}.Debug|Any CPU.Build.0 = Debug|Any CPU
		{D0652FC2-F33F-4131-A19D-A02918BC4B68}.Release|Any CPU.ActiveCfg = Release|Any CPU
		{D0652FC2-F33F-4131-A19D-A02918BC4B68}.Release|Any CPU.Build.0 = Release|Any CPU
		{04D91D87-4133-43E9-BE7D-E6687759D4E7}.Debug|Any CPU.ActiveCfg = Debug|Any CPU
		{04D91D87-4133-43E9-BE7D-E6687759D4E7}.Debug|Any CPU.Build.0 = Debug|Any CPU
		{04D91D87-4133-43E9-BE7D-E6687759D4E7}.Release|Any CPU.ActiveCfg = Release|Any CPU
		{04D91D87-4133-43E9-BE7D-E6687759D4E7}.Release|Any CPU.Build.0 = Release|Any CPU
		{86976B5C-C887-43B2-875D-E59FACEDE412}.Debug|Any CPU.ActiveCfg = Debug|Any CPU
		{86976B5C-C887-43B2-875D-E59FACEDE412}.Debug|Any CPU.Build.0 = Debug|Any CPU
		{86976B5C-C887-43B2-875D-E59FACEDE412}.Release|Any CPU.ActiveCfg = Release|Any CPU
		{86976B5C-C887-43B2-875D-E59FACEDE412}.Release|Any CPU.Build.0 = Release|Any CPU
		{0827442B-F741-486D-8016-25F64C70B774}.Debug|Any CPU.ActiveCfg = Debug|Any CPU
		{0827442B-F741-486D-8016-25F64C70B774}.Debug|Any CPU.Build.0 = Debug|Any CPU
		{0827442B-F741-486D-8016-25F64C70B774}.Release|Any CPU.ActiveCfg = Release|Any CPU
		{0827442B-F741-486D-8016-25F64C70B774}.Release|Any CPU.Build.0 = Release|Any CPU
	EndGlobalSection
	GlobalSection(SolutionProperties) = preSolution
		HideSolutionNode = FALSE
	EndGlobalSection
	GlobalSection(ExtensibilityGlobals) = postSolution
		SolutionGuid = {FDFC4EE9-F53F-47BF-9C48-28F0BE9FD641}
	EndGlobalSection
EndGlobal
